# This file was autogenerated by Stack.
# You should not edit this file by hand.
# For more information, please see the documentation at:
#   https://docs.haskellstack.org/en/stable/lock_files

packages:
- completed:
    hackage: genifunctors-0.4@sha256:8ceeacea87e63908bf12f5ea8e289884311a3a78d7a18180a18e41f621906085,1243
    pantry-tree:
      size: 374
      sha256: 6efd1a5cb9d8eb4417f6552a4947b181d64ed1a4becd0a8ede80509517333836
  original:
    hackage: genifunctors-0.4
- completed:
    hackage: sbv-8.6@sha256:1bcd7a8851157a97e44a000498f984fb738e54441f16e8c2e2afcc1d0818e888,19781
    pantry-tree:
      size: 54568
      sha256: ee73d9d941f7d41d21409927a058aed6bb473f3ae4383ef51bd021b80c120bc5
  original:
    hackage: sbv-8.6
snapshots:
- completed:
    size: 491389
    url: https://raw.githubusercontent.com/commercialhaskell/stackage-snapshots/master/lts/15/7.yaml
    sha256: 92ab6303fe20ec928461c82ce0980b4d17c06f4e66205a2967e476474f686c17
  original: lts-15.7
