# This file was autogenerated by Stack.
# You should not edit this file by hand.
# For more information, please see the documentation at:
#   https://docs.haskellstack.org/en/stable/lock_files

packages:
- completed:
    hackage: genifunctors-0.4@sha256:8ceeacea87e63908bf12f5ea8e289884311a3a78d7a18180a18e41f621906085,1243
    pantry-tree:
      size: 374
      sha256: 6efd1a5cb9d8eb4417f6552a4947b181d64ed1a4becd0a8ede80509517333836
  original:
    hackage: genifunctors-0.4
snapshots:
- completed:
    size: 534126
    url: https://raw.githubusercontent.com/commercialhaskell/stackage-snapshots/master/lts/16/31.yaml
    sha256: 637fb77049b25560622a224845b7acfe81a09fdb6a96a3c75997a10b651667f6
  original: lts-16.31
